
Microsoft Visual Studio Solution File, Format Version 12.00
# Visual Studio 15
VisualStudioVersion = 15.0.26730.15
MinimumVisualStudioVersion = 10.0.40219.1
Project("{FAE04EC0-301F-11D3-BF4B-00C04F79EFBC}") = "CodejamCreatingPair", "CodejamCreatingPair\CodejamCreatingPair.csproj", "{5AAACFB9-9B53-41B4-8779-78D2F1190179}"
EndProject
Global
	GlobalSection(SolutionConfigurationPlatforms) = preSolution
		Debug|Any CPU = Debug|Any CPU
		Release|Any CPU = Release|Any CPU
	EndGlobalSection
	GlobalSection(ProjectConfigurationPlatforms) = postSolution
		{5AAACFB9-9B53-41B4-8779-78D2F1190179}.Debug|Any CPU.ActiveCfg = Debug|Any CPU
		{5AAACFB9-9B53-41B4-8779-78D2F1190179}.Debug|Any CPU.Build.0 = Debug|Any CPU
		{5AAACFB9-9B53-41B4-8779-78D2F1190179}.Release|Any CPU.ActiveCfg = Release|Any CPU
		{5AAACFB9-9B53-41B4-8779-78D2F1190179}.Release|Any CPU.Build.0 = Release|Any CPU
	EndGlobalSection
	GlobalSection(SolutionProperties) = preSolution
		HideSolutionNode = FALSE
	EndGlobalSection
	GlobalSection(ExtensibilityGlobals) = postSolution
		SolutionGuid = {D29EFB58-F6AB-40E4-BB03-F918C0EE4755}
	EndGlobalSection
EndGlobal
